
Microsoft Visual Studio Solution File, Format Version 12.00
# Visual Studio Version 17
VisualStudioVersion = 17.8.34316.72
MinimumVisualStudioVersion = 10.0.40219.1
Project("{9A19103F-16F7-4668-BE54-9A1E7A4F7556}") = "Direct_Exchange.Consumer", "Direct_Exchange.Consumer\Direct_Exchange.Consumer.csproj", "{2213FFC3-B1D0-41B6-B585-56A73239A8E2}"
EndProject
Project("{9A19103F-16F7-4668-BE54-9A1E7A4F7556}") = "Fanout_Exchange.Consumer", "Fanout_Exchange.Consumer\Fanout_Exchange.Consumer.csproj", "{50D9BD2C-A031-434E-9E03-43BBC545279C}"
EndProject
Project("{9A19103F-16F7-4668-BE54-9A1E7A4F7556}") = "Topic_Exchange.Consumer", "Topic_Exchange.Consumer\Topic_Exchange.Consumer.csproj", "{59A6DA85-1BA8-40EA-B287-A2ECA98A7CAE}"
EndProject
Project("{9A19103F-16F7-4668-BE54-9A1E7A4F7556}") = "Header_Exchange.Consumer", "Header_Exchange.Consumer\Header_Exchange.Consumer.csproj", "{695FEA04-1DE8-4C26-B5D1-C09A979E74F6}"
EndProject
Project("{FAE04EC0-301F-11D3-BF4B-00C04F79EFBC}") = "Basic_Configuration.Consumer", "Basic_Configuration.Consumer\Basic_Configuration.Consumer.csproj", "{5B775B2D-2894-4186-A0CB-C8DF43427089}"
EndProject
Global
	GlobalSection(SolutionConfigurationPlatforms) = preSolution
		Debug|Any CPU = Debug|Any CPU
		Release|Any CPU = Release|Any CPU
	EndGlobalSection
	GlobalSection(ProjectConfigurationPlatforms) = postSolution
		{2213FFC3-B1D0-41B6-B585-56A73239A8E2}.Debug|Any CPU.ActiveCfg = Debug|Any CPU
		{2213FFC3-B1D0-41B6-B585-56A73239A8E2}.Debug|Any CPU.Build.0 = Debug|Any CPU
		{2213FFC3-B1D0-41B6-B585-56A73239A8E2}.Release|Any CPU.ActiveCfg = Release|Any CPU
		{2213FFC3-B1D0-41B6-B585-56A73239A8E2}.Release|Any CPU.Build.0 = Release|Any CPU
		{50D9BD2C-A031-434E-9E03-43BBC545279C}.Debug|Any CPU.ActiveCfg = Debug|Any CPU
		{50D9BD2C-A031-434E-9E03-43BBC545279C}.Debug|Any CPU.Build.0 = Debug|Any CPU
		{50D9BD2C-A031-434E-9E03-43BBC545279C}.Release|Any CPU.ActiveCfg = Release|Any CPU
		{50D9BD2C-A031-434E-9E03-43BBC545279C}.Release|Any CPU.Build.0 = Release|Any CPU
		{59A6DA85-1BA8-40EA-B287-A2ECA98A7CAE}.Debug|Any CPU.ActiveCfg = Debug|Any CPU
		{59A6DA85-1BA8-40EA-B287-A2ECA98A7CAE}.Debug|Any CPU.Build.0 = Debug|Any CPU
		{59A6DA85-1BA8-40EA-B287-A2ECA98A7CAE}.Release|Any CPU.ActiveCfg = Release|Any CPU
		{59A6DA85-1BA8-40EA-B287-A2ECA98A7CAE}.Release|Any CPU.Build.0 = Release|Any CPU
		{695FEA04-1DE8-4C26-B5D1-C09A979E74F6}.Debug|Any CPU.ActiveCfg = Debug|Any CPU
		{695FEA04-1DE8-4C26-B5D1-C09A979E74F6}.Debug|Any CPU.Build.0 = Debug|Any CPU
		{695FEA04-1DE8-4C26-B5D1-C09A979E74F6}.Release|Any CPU.ActiveCfg = Release|Any CPU
		{695FEA04-1DE8-4C26-B5D1-C09A979E74F6}.Release|Any CPU.Build.0 = Release|Any CPU
		{5B775B2D-2894-4186-A0CB-C8DF43427089}.Debug|Any CPU.ActiveCfg = Debug|Any CPU
		{5B775B2D-2894-4186-A0CB-C8DF43427089}.Debug|Any CPU.Build.0 = Debug|Any CPU
		{5B775B2D-2894-4186-A0CB-C8DF43427089}.Release|Any CPU.ActiveCfg = Release|Any CPU
		{5B775B2D-2894-4186-A0CB-C8DF43427089}.Release|Any CPU.Build.0 = Release|Any CPU
	EndGlobalSection
	GlobalSection(SolutionProperties) = preSolution
		HideSolutionNode = FALSE
	EndGlobalSection
	GlobalSection(ExtensibilityGlobals) = postSolution
		SolutionGuid = {01DBCD4C-C63A-4A21-AB64-634820A8314B}
	EndGlobalSection
EndGlobal
