
Microsoft Visual Studio Solution File, Format Version 12.00
# Visual Studio Version 17
VisualStudioVersion = 17.8.34316.72
MinimumVisualStudioVersion = 10.0.40219.1
Project("{9A19103F-16F7-4668-BE54-9A1E7A4F7556}") = "Direct_Exchange.Publisher", "Direct_Exchange.Publisher\Direct_Exchange.Publisher.csproj", "{FAC14625-80AB-42F4-83EB-DE795ACD4ABC}"
EndProject
Project("{9A19103F-16F7-4668-BE54-9A1E7A4F7556}") = "Fanout_Exchange.Publisher", "Fanout_Exchange.Publisher\Fanout_Exchange.Publisher.csproj", "{9820FE48-A217-4701-A168-BDB6F83EFA2B}"
EndProject
Project("{9A19103F-16F7-4668-BE54-9A1E7A4F7556}") = "Topic_Exchange.Publisher", "Topic_Exchange.Publisher\Topic_Exchange.Publisher.csproj", "{1FEAF79B-3F6F-4FBA-B836-3E4F4CED5261}"
EndProject
Project("{9A19103F-16F7-4668-BE54-9A1E7A4F7556}") = "Header_Exchange.Publisher", "Header_Exchange.Publisher\Header_Exchange.Publisher.csproj", "{7DB3BF2D-200D-49C9-9E6F-84D3452DCE36}"
EndProject
Project("{9A19103F-16F7-4668-BE54-9A1E7A4F7556}") = "Basic_Configuration.Publisher", "Basic_Configuration.Publisher\Basic_Configuration.Publisher.csproj", "{43BC3578-521C-4193-A51F-140DA2373EE9}"
EndProject
Project("{9A19103F-16F7-4668-BE54-9A1E7A4F7556}") = "P2P-Design.Publisher", "P2P-Design.Publisher\P2P-Design.Publisher.csproj", "{E9EF4BB9-FD80-46A9-96C9-EC0CDB4694A5}"
EndProject
Project("{9A19103F-16F7-4668-BE54-9A1E7A4F7556}") = "Pub-Sub-Design.Publisher", "Pub-Sub-Design.Publisher\Pub-Sub-Design.Publisher.csproj", "{BEA94D2E-348E-4EA5-A917-B773D16ED20C}"
EndProject
Project("{9A19103F-16F7-4668-BE54-9A1E7A4F7556}") = "Work-Queue-Design.Publisher", "Work-Queue-Design.Publisher\Work-Queue-Design.Publisher.csproj", "{14AFB66D-3F0E-4199-8024-21A59FC78E78}"
EndProject
Project("{9A19103F-16F7-4668-BE54-9A1E7A4F7556}") = "Request-Response-Design.Publisher", "Request-Response-Design.Publisher\Request-Response-Design.Publisher.csproj", "{8A4B408E-8D80-4152-AD79-AB058431EFE4}"
EndProject
Project("{FAE04EC0-301F-11D3-BF4B-00C04F79EFBC}") = "MessTransit.Publisher", "MessTransit.Publisher\MessTransit.Publisher.csproj", "{AB8BAD8F-43DE-4F30-AD51-52ECBDFE402B}"
EndProject
Project("{FAE04EC0-301F-11D3-BF4B-00C04F79EFBC}") = "RabbitMQ.ESB.MassTransit.Shared", "RabbitMQ.ESB.MassTransit.Shared\RabbitMQ.ESB.MassTransit.Shared.csproj", "{374BF6C3-48F1-4A54-97F1-13ABC4BC0638}"
EndProject
Project("{FAE04EC0-301F-11D3-BF4B-00C04F79EFBC}") = "MassTransit.Consumer", "MassTransit.Consumer\MassTransit.Consumer.csproj", "{BC3A66BB-2C98-4198-A143-EBDA473AA2DA}"
EndProject
Project("{FAE04EC0-301F-11D3-BF4B-00C04F79EFBC}") = "RabbitMQ.ESB.MassTransit.Worker.Service.Consumer", "RabbitMQ.ESB.MassTransit.Worker.Service.Consumer\RabbitMQ.ESB.MassTransit.Worker.Service.Consumer.csproj", "{E2D4F3CF-F584-48B7-B94C-274A8A5895C6}"
EndProject
Project("{FAE04EC0-301F-11D3-BF4B-00C04F79EFBC}") = "RabbitMQ.ESB.MassTransit.Worker.Service.Publisher", "RabbitMQ.ESB.MassTransit.Worker.Service.Publisher\RabbitMQ.ESB.MassTransit.Worker.Service.Publisher.csproj", "{68D7D154-692C-49B7-856C-A4129EA6AC93}"
EndProject
Global
	GlobalSection(SolutionConfigurationPlatforms) = preSolution
		Debug|Any CPU = Debug|Any CPU
		Release|Any CPU = Release|Any CPU
	EndGlobalSection
	GlobalSection(ProjectConfigurationPlatforms) = postSolution
		{FAC14625-80AB-42F4-83EB-DE795ACD4ABC}.Debug|Any CPU.ActiveCfg = Debug|Any CPU
		{FAC14625-80AB-42F4-83EB-DE795ACD4ABC}.Debug|Any CPU.Build.0 = Debug|Any CPU
		{FAC14625-80AB-42F4-83EB-DE795ACD4ABC}.Release|Any CPU.ActiveCfg = Release|Any CPU
		{FAC14625-80AB-42F4-83EB-DE795ACD4ABC}.Release|Any CPU.Build.0 = Release|Any CPU
		{9820FE48-A217-4701-A168-BDB6F83EFA2B}.Debug|Any CPU.ActiveCfg = Debug|Any CPU
		{9820FE48-A217-4701-A168-BDB6F83EFA2B}.Debug|Any CPU.Build.0 = Debug|Any CPU
		{9820FE48-A217-4701-A168-BDB6F83EFA2B}.Release|Any CPU.ActiveCfg = Release|Any CPU
		{9820FE48-A217-4701-A168-BDB6F83EFA2B}.Release|Any CPU.Build.0 = Release|Any CPU
		{1FEAF79B-3F6F-4FBA-B836-3E4F4CED5261}.Debug|Any CPU.ActiveCfg = Debug|Any CPU
		{1FEAF79B-3F6F-4FBA-B836-3E4F4CED5261}.Debug|Any CPU.Build.0 = Debug|Any CPU
		{1FEAF79B-3F6F-4FBA-B836-3E4F4CED5261}.Release|Any CPU.ActiveCfg = Release|Any CPU
		{1FEAF79B-3F6F-4FBA-B836-3E4F4CED5261}.Release|Any CPU.Build.0 = Release|Any CPU
		{7DB3BF2D-200D-49C9-9E6F-84D3452DCE36}.Debug|Any CPU.ActiveCfg = Debug|Any CPU
		{7DB3BF2D-200D-49C9-9E6F-84D3452DCE36}.Debug|Any CPU.Build.0 = Debug|Any CPU
		{7DB3BF2D-200D-49C9-9E6F-84D3452DCE36}.Release|Any CPU.ActiveCfg = Release|Any CPU
		{7DB3BF2D-200D-49C9-9E6F-84D3452DCE36}.Release|Any CPU.Build.0 = Release|Any CPU
		{43BC3578-521C-4193-A51F-140DA2373EE9}.Debug|Any CPU.ActiveCfg = Debug|Any CPU
		{43BC3578-521C-4193-A51F-140DA2373EE9}.Debug|Any CPU.Build.0 = Debug|Any CPU
		{43BC3578-521C-4193-A51F-140DA2373EE9}.Release|Any CPU.ActiveCfg = Release|Any CPU
		{43BC3578-521C-4193-A51F-140DA2373EE9}.Release|Any CPU.Build.0 = Release|Any CPU
		{E9EF4BB9-FD80-46A9-96C9-EC0CDB4694A5}.Debug|Any CPU.ActiveCfg = Debug|Any CPU
		{E9EF4BB9-FD80-46A9-96C9-EC0CDB4694A5}.Debug|Any CPU.Build.0 = Debug|Any CPU
		{E9EF4BB9-FD80-46A9-96C9-EC0CDB4694A5}.Release|Any CPU.ActiveCfg = Release|Any CPU
		{E9EF4BB9-FD80-46A9-96C9-EC0CDB4694A5}.Release|Any CPU.Build.0 = Release|Any CPU
		{BEA94D2E-348E-4EA5-A917-B773D16ED20C}.Debug|Any CPU.ActiveCfg = Debug|Any CPU
		{BEA94D2E-348E-4EA5-A917-B773D16ED20C}.Debug|Any CPU.Build.0 = Debug|Any CPU
		{BEA94D2E-348E-4EA5-A917-B773D16ED20C}.Release|Any CPU.ActiveCfg = Release|Any CPU
		{BEA94D2E-348E-4EA5-A917-B773D16ED20C}.Release|Any CPU.Build.0 = Release|Any CPU
		{14AFB66D-3F0E-4199-8024-21A59FC78E78}.Debug|Any CPU.ActiveCfg = Debug|Any CPU
		{14AFB66D-3F0E-4199-8024-21A59FC78E78}.Debug|Any CPU.Build.0 = Debug|Any CPU
		{14AFB66D-3F0E-4199-8024-21A59FC78E78}.Release|Any CPU.ActiveCfg = Release|Any CPU
		{14AFB66D-3F0E-4199-8024-21A59FC78E78}.Release|Any CPU.Build.0 = Release|Any CPU
		{8A4B408E-8D80-4152-AD79-AB058431EFE4}.Debug|Any CPU.ActiveCfg = Debug|Any CPU
		{8A4B408E-8D80-4152-AD79-AB058431EFE4}.Debug|Any CPU.Build.0 = Debug|Any CPU
		{8A4B408E-8D80-4152-AD79-AB058431EFE4}.Release|Any CPU.ActiveCfg = Release|Any CPU
		{8A4B408E-8D80-4152-AD79-AB058431EFE4}.Release|Any CPU.Build.0 = Release|Any CPU
		{AB8BAD8F-43DE-4F30-AD51-52ECBDFE402B}.Debug|Any CPU.ActiveCfg = Debug|Any CPU
		{AB8BAD8F-43DE-4F30-AD51-52ECBDFE402B}.Debug|Any CPU.Build.0 = Debug|Any CPU
		{AB8BAD8F-43DE-4F30-AD51-52ECBDFE402B}.Release|Any CPU.ActiveCfg = Release|Any CPU
		{AB8BAD8F-43DE-4F30-AD51-52ECBDFE402B}.Release|Any CPU.Build.0 = Release|Any CPU
		{374BF6C3-48F1-4A54-97F1-13ABC4BC0638}.Debug|Any CPU.ActiveCfg = Debug|Any CPU
		{374BF6C3-48F1-4A54-97F1-13ABC4BC0638}.Debug|Any CPU.Build.0 = Debug|Any CPU
		{374BF6C3-48F1-4A54-97F1-13ABC4BC0638}.Release|Any CPU.ActiveCfg = Release|Any CPU
		{374BF6C3-48F1-4A54-97F1-13ABC4BC0638}.Release|Any CPU.Build.0 = Release|Any CPU
		{BC3A66BB-2C98-4198-A143-EBDA473AA2DA}.Debug|Any CPU.ActiveCfg = Debug|Any CPU
		{BC3A66BB-2C98-4198-A143-EBDA473AA2DA}.Debug|Any CPU.Build.0 = Debug|Any CPU
		{BC3A66BB-2C98-4198-A143-EBDA473AA2DA}.Release|Any CPU.ActiveCfg = Release|Any CPU
		{BC3A66BB-2C98-4198-A143-EBDA473AA2DA}.Release|Any CPU.Build.0 = Release|Any CPU
		{E2D4F3CF-F584-48B7-B94C-274A8A5895C6}.Debug|Any CPU.ActiveCfg = Debug|Any CPU
		{E2D4F3CF-F584-48B7-B94C-274A8A5895C6}.Debug|Any CPU.Build.0 = Debug|Any CPU
		{E2D4F3CF-F584-48B7-B94C-274A8A5895C6}.Release|Any CPU.ActiveCfg = Release|Any CPU
		{E2D4F3CF-F584-48B7-B94C-274A8A5895C6}.Release|Any CPU.Build.0 = Release|Any CPU
		{68D7D154-692C-49B7-856C-A4129EA6AC93}.Debug|Any CPU.ActiveCfg = Debug|Any CPU
		{68D7D154-692C-49B7-856C-A4129EA6AC93}.Debug|Any CPU.Build.0 = Debug|Any CPU
		{68D7D154-692C-49B7-856C-A4129EA6AC93}.Release|Any CPU.ActiveCfg = Release|Any CPU
		{68D7D154-692C-49B7-856C-A4129EA6AC93}.Release|Any CPU.Build.0 = Release|Any CPU
	EndGlobalSection
	GlobalSection(SolutionProperties) = preSolution
		HideSolutionNode = FALSE
	EndGlobalSection
	GlobalSection(ExtensibilityGlobals) = postSolution
		SolutionGuid = {5A0F8EA8-D278-42B7-B719-80B72D406C33}
	EndGlobalSection
EndGlobal
