
Microsoft Visual Studio Solution File, Format Version 12.00
# Visual Studio Version 17
VisualStudioVersion = 17.8.34316.72
MinimumVisualStudioVersion = 10.0.40219.1
Project("{9A19103F-16F7-4668-BE54-9A1E7A4F7556}") = "Direct_Exchange.Publisher", "Direct_Exchange.Publisher\Direct_Exchange.Publisher.csproj", "{FAC14625-80AB-42F4-83EB-DE795ACD4ABC}"
EndProject
Project("{9A19103F-16F7-4668-BE54-9A1E7A4F7556}") = "Fanout_Exchange.Publisher", "Fanout_Exchange.Publisher\Fanout_Exchange.Publisher.csproj", "{9820FE48-A217-4701-A168-BDB6F83EFA2B}"
EndProject
Project("{9A19103F-16F7-4668-BE54-9A1E7A4F7556}") = "Topic_Exchange.Publisher", "Topic_Exchange.Publisher\Topic_Exchange.Publisher.csproj", "{1FEAF79B-3F6F-4FBA-B836-3E4F4CED5261}"
EndProject
Project("{9A19103F-16F7-4668-BE54-9A1E7A4F7556}") = "Header_Exchange.Publisher", "Header_Exchange.Publisher\Header_Exchange.Publisher.csproj", "{7DB3BF2D-200D-49C9-9E6F-84D3452DCE36}"
EndProject
Project("{9A19103F-16F7-4668-BE54-9A1E7A4F7556}") = "Basic_Configuration.Publisher", "Basic_Configuration.Publisher\Basic_Configuration.Publisher.csproj", "{43BC3578-521C-4193-A51F-140DA2373EE9}"
EndProject
Project("{FAE04EC0-301F-11D3-BF4B-00C04F79EFBC}") = "P2P-Design.Publisher", "P2P-Design.Publisher\P2P-Design.Publisher.csproj", "{E9EF4BB9-FD80-46A9-96C9-EC0CDB4694A5}"
EndProject
Project("{FAE04EC0-301F-11D3-BF4B-00C04F79EFBC}") = "Pub-Sub-Design.Publisher", "Pub-Sub-Design.Publisher\Pub-Sub-Design.Publisher.csproj", "{BEA94D2E-348E-4EA5-A917-B773D16ED20C}"
EndProject
Global
	GlobalSection(SolutionConfigurationPlatforms) = preSolution
		Debug|Any CPU = Debug|Any CPU
		Release|Any CPU = Release|Any CPU
	EndGlobalSection
	GlobalSection(ProjectConfigurationPlatforms) = postSolution
		{FAC14625-80AB-42F4-83EB-DE795ACD4ABC}.Debug|Any CPU.ActiveCfg = Debug|Any CPU
		{FAC14625-80AB-42F4-83EB-DE795ACD4ABC}.Debug|Any CPU.Build.0 = Debug|Any CPU
		{FAC14625-80AB-42F4-83EB-DE795ACD4ABC}.Release|Any CPU.ActiveCfg = Release|Any CPU
		{FAC14625-80AB-42F4-83EB-DE795ACD4ABC}.Release|Any CPU.Build.0 = Release|Any CPU
		{9820FE48-A217-4701-A168-BDB6F83EFA2B}.Debug|Any CPU.ActiveCfg = Debug|Any CPU
		{9820FE48-A217-4701-A168-BDB6F83EFA2B}.Debug|Any CPU.Build.0 = Debug|Any CPU
		{9820FE48-A217-4701-A168-BDB6F83EFA2B}.Release|Any CPU.ActiveCfg = Release|Any CPU
		{9820FE48-A217-4701-A168-BDB6F83EFA2B}.Release|Any CPU.Build.0 = Release|Any CPU
		{1FEAF79B-3F6F-4FBA-B836-3E4F4CED5261}.Debug|Any CPU.ActiveCfg = Debug|Any CPU
		{1FEAF79B-3F6F-4FBA-B836-3E4F4CED5261}.Debug|Any CPU.Build.0 = Debug|Any CPU
		{1FEAF79B-3F6F-4FBA-B836-3E4F4CED5261}.Release|Any CPU.ActiveCfg = Release|Any CPU
		{1FEAF79B-3F6F-4FBA-B836-3E4F4CED5261}.Release|Any CPU.Build.0 = Release|Any CPU
		{7DB3BF2D-200D-49C9-9E6F-84D3452DCE36}.Debug|Any CPU.ActiveCfg = Debug|Any CPU
		{7DB3BF2D-200D-49C9-9E6F-84D3452DCE36}.Debug|Any CPU.Build.0 = Debug|Any CPU
		{7DB3BF2D-200D-49C9-9E6F-84D3452DCE36}.Release|Any CPU.ActiveCfg = Release|Any CPU
		{7DB3BF2D-200D-49C9-9E6F-84D3452DCE36}.Release|Any CPU.Build.0 = Release|Any CPU
		{43BC3578-521C-4193-A51F-140DA2373EE9}.Debug|Any CPU.ActiveCfg = Debug|Any CPU
		{43BC3578-521C-4193-A51F-140DA2373EE9}.Debug|Any CPU.Build.0 = Debug|Any CPU
		{43BC3578-521C-4193-A51F-140DA2373EE9}.Release|Any CPU.ActiveCfg = Release|Any CPU
		{43BC3578-521C-4193-A51F-140DA2373EE9}.Release|Any CPU.Build.0 = Release|Any CPU
		{E9EF4BB9-FD80-46A9-96C9-EC0CDB4694A5}.Debug|Any CPU.ActiveCfg = Debug|Any CPU
		{E9EF4BB9-FD80-46A9-96C9-EC0CDB4694A5}.Debug|Any CPU.Build.0 = Debug|Any CPU
		{E9EF4BB9-FD80-46A9-96C9-EC0CDB4694A5}.Release|Any CPU.ActiveCfg = Release|Any CPU
		{E9EF4BB9-FD80-46A9-96C9-EC0CDB4694A5}.Release|Any CPU.Build.0 = Release|Any CPU
		{BEA94D2E-348E-4EA5-A917-B773D16ED20C}.Debug|Any CPU.ActiveCfg = Debug|Any CPU
		{BEA94D2E-348E-4EA5-A917-B773D16ED20C}.Debug|Any CPU.Build.0 = Debug|Any CPU
		{BEA94D2E-348E-4EA5-A917-B773D16ED20C}.Release|Any CPU.ActiveCfg = Release|Any CPU
		{BEA94D2E-348E-4EA5-A917-B773D16ED20C}.Release|Any CPU.Build.0 = Release|Any CPU
	EndGlobalSection
	GlobalSection(SolutionProperties) = preSolution
		HideSolutionNode = FALSE
	EndGlobalSection
	GlobalSection(ExtensibilityGlobals) = postSolution
		SolutionGuid = {5A0F8EA8-D278-42B7-B719-80B72D406C33}
	EndGlobalSection
EndGlobal
